
Microsoft Visual Studio Solution File, Format Version 12.00
# Visual Studio Version 16
VisualStudioVersion = 16.0.29025.244
MinimumVisualStudioVersion = 10.0.40219.1
Project("{9A19103F-16F7-4668-BE54-9A1E7A4F7556}") = "Alderto.Bot", "Alderto.Bot\Alderto.Bot.csproj", "{413603EA-D515-469A-B055-757528FEDDA8}"
EndProject
Project("{9A19103F-16F7-4668-BE54-9A1E7A4F7556}") = "Alderto.Data", "Alderto.Data\Alderto.Data.csproj", "{13535E42-876C-42E9-88BB-27D291B47C19}"
EndProject
Project("{9A19103F-16F7-4668-BE54-9A1E7A4F7556}") = "Alderto.Tests", "Alderto.Tests\Alderto.Tests.csproj", "{F323C9A6-42F2-44D4-B02D-30D290ECF3A9}"
EndProject
Project("{9A19103F-16F7-4668-BE54-9A1E7A4F7556}") = "Alderto.Web", "Alderto.Web\Alderto.Web.csproj", "{815977C3-0731-47EF-BF1D-291114E51468}"
EndProject
Global
	GlobalSection(SolutionConfigurationPlatforms) = preSolution
		Debug|Any CPU = Debug|Any CPU
		Release|Any CPU = Release|Any CPU
		Testing|Any CPU = Testing|Any CPU
	EndGlobalSection
	GlobalSection(ProjectConfigurationPlatforms) = postSolution
		{413603EA-D515-469A-B055-757528FEDDA8}.Debug|Any CPU.ActiveCfg = Debug|Any CPU
		{413603EA-D515-469A-B055-757528FEDDA8}.Debug|Any CPU.Build.0 = Debug|Any CPU
		{413603EA-D515-469A-B055-757528FEDDA8}.Release|Any CPU.ActiveCfg = Release|Any CPU
		{413603EA-D515-469A-B055-757528FEDDA8}.Release|Any CPU.Build.0 = Release|Any CPU
		{413603EA-D515-469A-B055-757528FEDDA8}.Testing|Any CPU.ActiveCfg = Testing|Any CPU
		{413603EA-D515-469A-B055-757528FEDDA8}.Testing|Any CPU.Build.0 = Testing|Any CPU
		{13535E42-876C-42E9-88BB-27D291B47C19}.Debug|Any CPU.ActiveCfg = Debug|Any CPU
		{13535E42-876C-42E9-88BB-27D291B47C19}.Debug|Any CPU.Build.0 = Debug|Any CPU
		{13535E42-876C-42E9-88BB-27D291B47C19}.Release|Any CPU.ActiveCfg = Release|Any CPU
		{13535E42-876C-42E9-88BB-27D291B47C19}.Release|Any CPU.Build.0 = Release|Any CPU
		{13535E42-876C-42E9-88BB-27D291B47C19}.Testing|Any CPU.ActiveCfg = Release|Any CPU
		{13535E42-876C-42E9-88BB-27D291B47C19}.Testing|Any CPU.Build.0 = Release|Any CPU
		{F323C9A6-42F2-44D4-B02D-30D290ECF3A9}.Debug|Any CPU.ActiveCfg = Debug|Any CPU
		{F323C9A6-42F2-44D4-B02D-30D290ECF3A9}.Debug|Any CPU.Build.0 = Debug|Any CPU
		{F323C9A6-42F2-44D4-B02D-30D290ECF3A9}.Release|Any CPU.ActiveCfg = Release|Any CPU
		{F323C9A6-42F2-44D4-B02D-30D290ECF3A9}.Release|Any CPU.Build.0 = Release|Any CPU
		{F323C9A6-42F2-44D4-B02D-30D290ECF3A9}.Testing|Any CPU.ActiveCfg = Testing|Any CPU
		{F323C9A6-42F2-44D4-B02D-30D290ECF3A9}.Testing|Any CPU.Build.0 = Testing|Any CPU
		{815977C3-0731-47EF-BF1D-291114E51468}.Debug|Any CPU.ActiveCfg = Debug|Any CPU
		{815977C3-0731-47EF-BF1D-291114E51468}.Debug|Any CPU.Build.0 = Debug|Any CPU
		{815977C3-0731-47EF-BF1D-291114E51468}.Release|Any CPU.ActiveCfg = Release|Any CPU
		{815977C3-0731-47EF-BF1D-291114E51468}.Release|Any CPU.Build.0 = Release|Any CPU
		{815977C3-0731-47EF-BF1D-291114E51468}.Testing|Any CPU.ActiveCfg = Debug|Any CPU
		{815977C3-0731-47EF-BF1D-291114E51468}.Testing|Any CPU.Build.0 = Debug|Any CPU
	EndGlobalSection
	GlobalSection(SolutionProperties) = preSolution
		HideSolutionNode = FALSE
	EndGlobalSection
	GlobalSection(ExtensibilityGlobals) = postSolution
		SolutionGuid = {A19F3D44-A8EF-4D71-A340-AD8ABD62C494}
	EndGlobalSection
EndGlobal
